
Microsoft Visual Studio Solution File, Format Version 12.00
# Visual Studio 2013
VisualStudioVersion = 12.0.31101.0
MinimumVisualStudioVersion = 10.0.40219.1
Project("{FAE04EC0-301F-11D3-BF4B-00C04F79EFBC}") = "Ether.Outcomes", "Outcomes\Ether.Outcomes.csproj", "{5E8758EB-ED8B-4F86-9176-4B10C50DA8BE}"
EndProject
Project("{FAE04EC0-301F-11D3-BF4B-00C04F79EFBC}") = "Ether.Outcomes.Tests", "Outcomes.Tests\Ether.Outcomes.Tests.csproj", "{08B07FB9-E8D7-4F4E-B5A1-9E6D98738998}"
EndProject
Global
	GlobalSection(SolutionConfigurationPlatforms) = preSolution
		Debug|Any CPU = Debug|Any CPU
		Release|Any CPU = Release|Any CPU
	EndGlobalSection
	GlobalSection(ProjectConfigurationPlatforms) = postSolution
		{5E8758EB-ED8B-4F86-9176-4B10C50DA8BE}.Debug|Any CPU.ActiveCfg = Debug|Any CPU
		{5E8758EB-ED8B-4F86-9176-4B10C50DA8BE}.Debug|Any CPU.Build.0 = Debug|Any CPU
		{5E8758EB-ED8B-4F86-9176-4B10C50DA8BE}.Release|Any CPU.ActiveCfg = Release|Any CPU
		{5E8758EB-ED8B-4F86-9176-4B10C50DA8BE}.Release|Any CPU.Build.0 = Release|Any CPU
		{08B07FB9-E8D7-4F4E-B5A1-9E6D98738998}.Debug|Any CPU.ActiveCfg = Debug|Any CPU
		{08B07FB9-E8D7-4F4E-B5A1-9E6D98738998}.Debug|Any CPU.Build.0 = Debug|Any CPU
		{08B07FB9-E8D7-4F4E-B5A1-9E6D98738998}.Release|Any CPU.ActiveCfg = Release|Any CPU
		{08B07FB9-E8D7-4F4E-B5A1-9E6D98738998}.Release|Any CPU.Build.0 = Release|Any CPU
	EndGlobalSection
	GlobalSection(SolutionProperties) = preSolution
		HideSolutionNode = FALSE
	EndGlobalSection
EndGlobal
